
Microsoft Visual Studio Solution File, Format Version 12.00
# Visual Studio Version 17
VisualStudioVersion = 17.3.32922.545
MinimumVisualStudioVersion = 10.0.40219.1
Project("{FAE04EC0-301F-11D3-BF4B-00C04F79EFBC}") = "Selenium_Advanced", "Selenium_Advanced\Selenium_Advanced.csproj", "{7811452C-9429-4DD9-B0F6-7B44BB8A1786}"
EndProject
Global
	GlobalSection(SolutionConfigurationPlatforms) = preSolution
		Debug|Any CPU = Debug|Any CPU
		Release|Any CPU = Release|Any CPU
	EndGlobalSection
	GlobalSection(ProjectConfigurationPlatforms) = postSolution
		{7811452C-9429-4DD9-B0F6-7B44BB8A1786}.Debug|Any CPU.ActiveCfg = Debug|Any CPU
		{7811452C-9429-4DD9-B0F6-7B44BB8A1786}.Debug|Any CPU.Build.0 = Debug|Any CPU
		{7811452C-9429-4DD9-B0F6-7B44BB8A1786}.Release|Any CPU.ActiveCfg = Release|Any CPU
		{7811452C-9429-4DD9-B0F6-7B44BB8A1786}.Release|Any CPU.Build.0 = Release|Any CPU
	EndGlobalSection
	GlobalSection(SolutionProperties) = preSolution
		HideSolutionNode = FALSE
	EndGlobalSection
	GlobalSection(ExtensibilityGlobals) = postSolution
		SolutionGuid = {AA6ED69C-EAFF-45A3-95C4-70C52DDE11F5}
	EndGlobalSection
EndGlobal
