
Microsoft Visual Studio Solution File, Format Version 12.00
# Visual Studio Version 17
VisualStudioVersion = 17.3.32922.545
MinimumVisualStudioVersion = 10.0.40219.1
Project("{FAE04EC0-301F-11D3-BF4B-00C04F79EFBC}") = "CSharpFactoryMethod", "CSharpFactoryMethod\CSharpFactoryMethod.csproj", "{FBEE893D-2A98-4964-830B-91B6A954B79B}"
EndProject
Global
	GlobalSection(SolutionConfigurationPlatforms) = preSolution
		Debug|Any CPU = Debug|Any CPU
		Release|Any CPU = Release|Any CPU
	EndGlobalSection
	GlobalSection(ProjectConfigurationPlatforms) = postSolution
		{FBEE893D-2A98-4964-830B-91B6A954B79B}.Debug|Any CPU.ActiveCfg = Debug|Any CPU
		{FBEE893D-2A98-4964-830B-91B6A954B79B}.Debug|Any CPU.Build.0 = Debug|Any CPU
		{FBEE893D-2A98-4964-830B-91B6A954B79B}.Release|Any CPU.ActiveCfg = Release|Any CPU
		{FBEE893D-2A98-4964-830B-91B6A954B79B}.Release|Any CPU.Build.0 = Release|Any CPU
	EndGlobalSection
	GlobalSection(SolutionProperties) = preSolution
		HideSolutionNode = FALSE
	EndGlobalSection
	GlobalSection(ExtensibilityGlobals) = postSolution
		SolutionGuid = {ECAF6E3B-B201-485E-80A8-6E23067DCA9B}
	EndGlobalSection
EndGlobal
