
Microsoft Visual Studio Solution File, Format Version 12.00
# Visual Studio Version 17
VisualStudioVersion = 17.3.32922.545
MinimumVisualStudioVersion = 10.0.40219.1
Project("{9A19103F-16F7-4668-BE54-9A1E7A4F7556}") = "CSharpLinq", "CSharpLinq\CSharpLinq.csproj", "{4C922134-F949-4547-AC0D-F55BBA79A992}"
EndProject
Project("{9A19103F-16F7-4668-BE54-9A1E7A4F7556}") = "CSharpOOP2", "..\CSharpOOP2\CSharpOOP2\CSharpOOP2.csproj", "{69E92746-FF15-4487-BCE4-EF1920D81710}"
EndProject
Global
	GlobalSection(SolutionConfigurationPlatforms) = preSolution
		Debug|Any CPU = Debug|Any CPU
		Release|Any CPU = Release|Any CPU
	EndGlobalSection
	GlobalSection(ProjectConfigurationPlatforms) = postSolution
		{4C922134-F949-4547-AC0D-F55BBA79A992}.Debug|Any CPU.ActiveCfg = Debug|Any CPU
		{4C922134-F949-4547-AC0D-F55BBA79A992}.Debug|Any CPU.Build.0 = Debug|Any CPU
		{4C922134-F949-4547-AC0D-F55BBA79A992}.Release|Any CPU.ActiveCfg = Release|Any CPU
		{4C922134-F949-4547-AC0D-F55BBA79A992}.Release|Any CPU.Build.0 = Release|Any CPU
		{69E92746-FF15-4487-BCE4-EF1920D81710}.Debug|Any CPU.ActiveCfg = Debug|Any CPU
		{69E92746-FF15-4487-BCE4-EF1920D81710}.Debug|Any CPU.Build.0 = Debug|Any CPU
		{69E92746-FF15-4487-BCE4-EF1920D81710}.Release|Any CPU.ActiveCfg = Release|Any CPU
		{69E92746-FF15-4487-BCE4-EF1920D81710}.Release|Any CPU.Build.0 = Release|Any CPU
	EndGlobalSection
	GlobalSection(SolutionProperties) = preSolution
		HideSolutionNode = FALSE
	EndGlobalSection
	GlobalSection(ExtensibilityGlobals) = postSolution
		SolutionGuid = {E5C8A96A-1D99-4C89-8447-5EE05AADC145}
	EndGlobalSection
EndGlobal
