
Microsoft Visual Studio Solution File, Format Version 12.00
# Visual Studio Version 17
VisualStudioVersion = 17.3.32922.545
MinimumVisualStudioVersion = 10.0.40219.1
Project("{FAE04EC0-301F-11D3-BF4B-00C04F79EFBC}") = "Selenium_Basics", "Selenium_Basics\Selenium_Basics.csproj", "{7C5A2D04-508C-4F48-86FA-A1F50381FBAA}"
EndProject
Global
	GlobalSection(SolutionConfigurationPlatforms) = preSolution
		Debug|Any CPU = Debug|Any CPU
		Release|Any CPU = Release|Any CPU
	EndGlobalSection
	GlobalSection(ProjectConfigurationPlatforms) = postSolution
		{7C5A2D04-508C-4F48-86FA-A1F50381FBAA}.Debug|Any CPU.ActiveCfg = Debug|Any CPU
		{7C5A2D04-508C-4F48-86FA-A1F50381FBAA}.Debug|Any CPU.Build.0 = Debug|Any CPU
		{7C5A2D04-508C-4F48-86FA-A1F50381FBAA}.Release|Any CPU.ActiveCfg = Release|Any CPU
		{7C5A2D04-508C-4F48-86FA-A1F50381FBAA}.Release|Any CPU.Build.0 = Release|Any CPU
	EndGlobalSection
	GlobalSection(SolutionProperties) = preSolution
		HideSolutionNode = FALSE
	EndGlobalSection
	GlobalSection(ExtensibilityGlobals) = postSolution
		SolutionGuid = {D26924B2-58CC-4481-AC2C-AD67F69AFEB3}
	EndGlobalSection
EndGlobal
