
Microsoft Visual Studio Solution File, Format Version 12.00
# Visual Studio Version 17
VisualStudioVersion = 17.3.32922.545
MinimumVisualStudioVersion = 10.0.40219.1
Project("{FAE04EC0-301F-11D3-BF4B-00C04F79EFBC}") = "CSharpBasics", "CSharpBasics\CSharpBasics.csproj", "{C0D6910D-B7B7-4CDA-ADD9-F3DDBA2CE1EC}"
EndProject
Global
	GlobalSection(SolutionConfigurationPlatforms) = preSolution
		Debug|Any CPU = Debug|Any CPU
		Release|Any CPU = Release|Any CPU
	EndGlobalSection
	GlobalSection(ProjectConfigurationPlatforms) = postSolution
		{C0D6910D-B7B7-4CDA-ADD9-F3DDBA2CE1EC}.Debug|Any CPU.ActiveCfg = Debug|Any CPU
		{C0D6910D-B7B7-4CDA-ADD9-F3DDBA2CE1EC}.Debug|Any CPU.Build.0 = Debug|Any CPU
		{C0D6910D-B7B7-4CDA-ADD9-F3DDBA2CE1EC}.Release|Any CPU.ActiveCfg = Release|Any CPU
		{C0D6910D-B7B7-4CDA-ADD9-F3DDBA2CE1EC}.Release|Any CPU.Build.0 = Release|Any CPU
	EndGlobalSection
	GlobalSection(SolutionProperties) = preSolution
		HideSolutionNode = FALSE
	EndGlobalSection
	GlobalSection(ExtensibilityGlobals) = postSolution
		SolutionGuid = {049F1A33-7AAA-4D5F-943F-3F49E1FD6F5D}
	EndGlobalSection
EndGlobal
